// !$*UTF8*$!
{
	archiveVersion = 1;
	classes = {
	};
	objectVersion = 56;
	objects = {

/* Begin PBXBuildFile section */
		B8A20E2A2AC00AB400F0CE91 /* Utils.swift in Sources */ = {isa = PBXBuildFile; fileRef = B8A20E292AC00AB400F0CE91 /* Utils.swift */; };
		B8A20E2E2AC02B9A00F0CE91 /* GoogleService-Info.plist in Resources */ = {isa = PBXBuildFile; fileRef = B8A20E2D2AC02B9A00F0CE91 /* GoogleService-Info.plist */; };
		B8A20E342AC0636500F0CE91 /* FirebaseAnalytics in Frameworks */ = {isa = PBXBuildFile; productRef = B8A20E332AC0636500F0CE91 /* FirebaseAnalytics */; };
		B8A20E362AC0636500F0CE91 /* FirebaseAuth in Frameworks */ = {isa = PBXBuildFile; productRef = B8A20E352AC0636500F0CE91 /* FirebaseAuth */; };
		B8A3B3442ABA189A00FF6B87 /* AppDelegate.swift in Sources */ = {isa = PBXBuildFile; fileRef = B8A3B3432ABA189A00FF6B87 /* AppDelegate.swift */; };
		B8A3B3462ABA189A00FF6B87 /* SceneDelegate.swift in Sources */ = {isa = PBXBuildFile; fileRef = B8A3B3452ABA189A00FF6B87 /* SceneDelegate.swift */; };
		B8A3B3482ABA189A00FF6B87 /* ViewController.swift in Sources */ = {isa = PBXBuildFile; fileRef = B8A3B3472ABA189A00FF6B87 /* ViewController.swift */; };
		B8A3B34D2ABA189C00FF6B87 /* Assets.xcassets in Resources */ = {isa = PBXBuildFile; fileRef = B8A3B34C2ABA189C00FF6B87 /* Assets.xcassets */; };
		B8A3B3502ABA189C00FF6B87 /* LaunchScreen.storyboard in Resources */ = {isa = PBXBuildFile; fileRef = B8A3B34E2ABA189C00FF6B87 /* LaunchScreen.storyboard */; };
		B8A3B3582ABAA85000FF6B87 /* SecondViewController.swift in Sources */ = {isa = PBXBuildFile; fileRef = B8A3B3572ABAA85000FF6B87 /* SecondViewController.swift */; };
/* End PBXBuildFile section */

/* Begin PBXFileReference section */
		B8A20E292AC00AB400F0CE91 /* Utils.swift */ = {isa = PBXFileReference; lastKnownFileType = sourcecode.swift; path = Utils.swift; sourceTree = "<group>"; };
		B8A20E2D2AC02B9A00F0CE91 /* GoogleService-Info.plist */ = {isa = PBXFileReference; fileEncoding = 4; lastKnownFileType = text.plist.xml; name = "GoogleService-Info.plist"; path = "../../../../Proj_Setting_Resources/Firebase_plist/UIKit-Codebase/GoogleService-Info.plist"; sourceTree = "<group>"; };
		B8A3B3402ABA189A00FF6B87 /* UIKitCodebase.app */ = {isa = PBXFileReference; explicitFileType = wrapper.application; includeInIndex = 0; path = UIKitCodebase.app; sourceTree = BUILT_PRODUCTS_DIR; };
		B8A3B3432ABA189A00FF6B87 /* AppDelegate.swift */ = {isa = PBXFileReference; lastKnownFileType = sourcecode.swift; path = AppDelegate.swift; sourceTree = "<group>"; };
		B8A3B3452ABA189A00FF6B87 /* SceneDelegate.swift */ = {isa = PBXFileReference; lastKnownFileType = sourcecode.swift; path = SceneDelegate.swift; sourceTree = "<group>"; };
		B8A3B3472ABA189A00FF6B87 /* ViewController.swift */ = {isa = PBXFileReference; lastKnownFileType = sourcecode.swift; path = ViewController.swift; sourceTree = "<group>"; };
		B8A3B34C2ABA189C00FF6B87 /* Assets.xcassets */ = {isa = PBXFileReference; lastKnownFileType = folder.assetcatalog; path = Assets.xcassets; sourceTree = "<group>"; };
		B8A3B34F2ABA189C00FF6B87 /* Base */ = {isa = PBXFileReference; lastKnownFileType = file.storyboard; name = Base; path = Base.lproj/LaunchScreen.storyboard; sourceTree = "<group>"; };
		B8A3B3512ABA189C00FF6B87 /* Info.plist */ = {isa = PBXFileReference; lastKnownFileType = text.plist.xml; path = Info.plist; sourceTree = "<group>"; };
		B8A3B3572ABAA85000FF6B87 /* SecondViewController.swift */ = {isa = PBXFileReference; lastKnownFileType = sourcecode.swift; path = SecondViewController.swift; sourceTree = "<group>"; };
		B8A3B3592ABB2DE300FF6B87 /* UIKitCodebase.entitlements */ = {isa = PBXFileReference; lastKnownFileType = text.plist.entitlements; path = UIKitCodebase.entitlements; sourceTree = "<group>"; };
/* End PBXFileReference section */

/* Begin PBXFrameworksBuildPhase section */
		B8A3B33D2ABA189A00FF6B87 /* Frameworks */ = {
			isa = PBXFrameworksBuildPhase;
			buildActionMask = 2147483647;
			files = (
				B8A20E342AC0636500F0CE91 /* FirebaseAnalytics in Frameworks */,
				B8A20E362AC0636500F0CE91 /* FirebaseAuth in Frameworks */,
			);
			runOnlyForDeploymentPostprocessing = 0;
		};
/* End PBXFrameworksBuildPhase section */

/* Begin PBXGroup section */
		B8A3B3372ABA189A00FF6B87 = {
			isa = PBXGroup;
			children = (
				B8A3B3422ABA189A00FF6B87 /* UIKitCodebase */,
				B8A3B3412ABA189A00FF6B87 /* Products */,
			);
			sourceTree = "<group>";
		};
		B8A3B3412ABA189A00FF6B87 /* Products */ = {
			isa = PBXGroup;
			children = (
				B8A3B3402ABA189A00FF6B87 /* UIKitCodebase.app */,
			);
			name = Products;
			sourceTree = "<group>";
		};
		B8A3B3422ABA189A00FF6B87 /* UIKitCodebase */ = {
			isa = PBXGroup;
			children = (
				B8A3B3592ABB2DE300FF6B87 /* UIKitCodebase.entitlements */,
				B8A3B3432ABA189A00FF6B87 /* AppDelegate.swift */,
				B8A3B3452ABA189A00FF6B87 /* SceneDelegate.swift */,
				B8A3B3472ABA189A00FF6B87 /* ViewController.swift */,
				B8A3B3572ABAA85000FF6B87 /* SecondViewController.swift */,
				B8A3B34C2ABA189C00FF6B87 /* Assets.xcassets */,
				B8A3B34E2ABA189C00FF6B87 /* LaunchScreen.storyboard */,
				B8A3B3512ABA189C00FF6B87 /* Info.plist */,
				B8A20E292AC00AB400F0CE91 /* Utils.swift */,
				B8A20E2D2AC02B9A00F0CE91 /* GoogleService-Info.plist */,
			);
			path = UIKitCodebase;
			sourceTree = "<group>";
		};
/* End PBXGroup section */

/* Begin PBXNativeTarget section */
		B8A3B33F2ABA189A00FF6B87 /* UIKitCodebase */ = {
			isa = PBXNativeTarget;
			buildConfigurationList = B8A3B3542ABA189C00FF6B87 /* Build configuration list for PBXNativeTarget "UIKitCodebase" */;
			buildPhases = (
				B8A3B33C2ABA189A00FF6B87 /* Sources */,
				B8A3B33D2ABA189A00FF6B87 /* Frameworks */,
				B8A3B33E2ABA189A00FF6B87 /* Resources */,
			);
			buildRules = (
			);
			dependencies = (
			);
			name = UIKitCodebase;
			packageProductDependencies = (
				B8A20E332AC0636500F0CE91 /* FirebaseAnalytics */,
				B8A20E352AC0636500F0CE91 /* FirebaseAuth */,
			);
			productName = UIKitCodebase;
			productReference = B8A3B3402ABA189A00FF6B87 /* UIKitCodebase.app */;
			productType = "com.apple.product-type.application";
		};
/* End PBXNativeTarget section */

/* Begin PBXProject section */
		B8A3B3382ABA189A00FF6B87 /* Project object */ = {
			isa = PBXProject;
			attributes = {
				BuildIndependentTargetsInParallel = 1;
				LastSwiftUpdateCheck = 1430;
				LastUpgradeCheck = 1430;
				TargetAttributes = {
					B8A3B33F2ABA189A00FF6B87 = {
						CreatedOnToolsVersion = 14.3.1;
					};
				};
			};
			buildConfigurationList = B8A3B33B2ABA189A00FF6B87 /* Build configuration list for PBXProject "UIKitCodebase" */;
			compatibilityVersion = "Xcode 14.0";
			developmentRegion = en;
			hasScannedForEncodings = 0;
			knownRegions = (
				en,
				Base,
			);
			mainGroup = B8A3B3372ABA189A00FF6B87;
			packageReferences = (
				B8A20E322AC0636500F0CE91 /* XCRemoteSwiftPackageReference "firebase-ios-sdk" */,
			);
			productRefGroup = B8A3B3412ABA189A00FF6B87 /* Products */;
			projectDirPath = "";
			projectRoot = "";
			targets = (
				B8A3B33F2ABA189A00FF6B87 /* UIKitCodebase */,
			);
		};
/* End PBXProject section */

/* Begin PBXResourcesBuildPhase section */
		B8A3B33E2ABA189A00FF6B87 /* Resources */ = {
			isa = PBXResourcesBuildPhase;
			buildActionMask = 2147483647;
			files = (
				B8A3B3502ABA189C00FF6B87 /* LaunchScreen.storyboard in Resources */,
				B8A3B34D2ABA189C00FF6B87 /* Assets.xcassets in Resources */,
				B8A20E2E2AC02B9A00F0CE91 /* GoogleService-Info.plist in Resources */,
			);
			runOnlyForDeploymentPostprocessing = 0;
		};
/* End PBXResourcesBuildPhase section */

/* Begin PBXSourcesBuildPhase section */
		B8A3B33C2ABA189A00FF6B87 /* Sources */ = {
			isa = PBXSourcesBuildPhase;
			buildActionMask = 2147483647;
			files = (
				B8A20E2A2AC00AB400F0CE91 /* Utils.swift in Sources */,
				B8A3B3582ABAA85000FF6B87 /* SecondViewController.swift in Sources */,
				B8A3B3482ABA189A00FF6B87 /* ViewController.swift in Sources */,
				B8A3B3442ABA189A00FF6B87 /* AppDelegate.swift in Sources */,
				B8A3B3462ABA189A00FF6B87 /* SceneDelegate.swift in Sources */,
			);
			runOnlyForDeploymentPostprocessing = 0;
		};
/* End PBXSourcesBuildPhase section */

/* Begin PBXVariantGroup section */
		B8A3B34E2ABA189C00FF6B87 /* LaunchScreen.storyboard */ = {
			isa = PBXVariantGroup;
			children = (
				B8A3B34F2ABA189C00FF6B87 /* Base */,
			);
			name = LaunchScreen.storyboard;
			sourceTree = "<group>";
		};
/* End PBXVariantGroup section */

/* Begin XCBuildConfiguration section */
		B8A3B3522ABA189C00FF6B87 /* Debug */ = {
			isa = XCBuildConfiguration;
			buildSettings = {
				ALWAYS_SEARCH_USER_PATHS = NO;
				CLANG_ANALYZER_NONNULL = YES;
				CLANG_ANALYZER_NUMBER_OBJECT_CONVERSION = YES_AGGRESSIVE;
				CLANG_CXX_LANGUAGE_STANDARD = "gnu++20";
				CLANG_ENABLE_MODULES = YES;
				CLANG_ENABLE_OBJC_ARC = YES;
				CLANG_ENABLE_OBJC_WEAK = YES;
				CLANG_WARN_BLOCK_CAPTURE_AUTORELEASING = YES;
				CLANG_WARN_BOOL_CONVERSION = YES;
				CLANG_WARN_COMMA = YES;
				CLANG_WARN_CONSTANT_CONVERSION = YES;
				CLANG_WARN_DEPRECATED_OBJC_IMPLEMENTATIONS = YES;
				CLANG_WARN_DIRECT_OBJC_ISA_USAGE = YES_ERROR;
				CLANG_WARN_DOCUMENTATION_COMMENTS = YES;
				CLANG_WARN_EMPTY_BODY = YES;
				CLANG_WARN_ENUM_CONVERSION = YES;
				CLANG_WARN_INFINITE_RECURSION = YES;
				CLANG_WARN_INT_CONVERSION = YES;
				CLANG_WARN_NON_LITERAL_NULL_CONVERSION = YES;
				CLANG_WARN_OBJC_IMPLICIT_RETAIN_SELF = YES;
				CLANG_WARN_OBJC_LITERAL_CONVERSION = YES;
				CLANG_WARN_OBJC_ROOT_CLASS = YES_ERROR;
				CLANG_WARN_QUOTED_INCLUDE_IN_FRAMEWORK_HEADER = YES;
				CLANG_WARN_RANGE_LOOP_ANALYSIS = YES;
				CLANG_WARN_STRICT_PROTOTYPES = YES;
				CLANG_WARN_SUSPICIOUS_MOVE = YES;
				CLANG_WARN_UNGUARDED_AVAILABILITY = YES_AGGRESSIVE;
				CLANG_WARN_UNREACHABLE_CODE = YES;
				CLANG_WARN__DUPLICATE_METHOD_MATCH = YES;
				COPY_PHASE_STRIP = NO;
				DEBUG_INFORMATION_FORMAT = dwarf;
				ENABLE_STRICT_OBJC_MSGSEND = YES;
				ENABLE_TESTABILITY = YES;
				GCC_C_LANGUAGE_STANDARD = gnu11;
				GCC_DYNAMIC_NO_PIC = NO;
				GCC_NO_COMMON_BLOCKS = YES;
				GCC_OPTIMIZATION_LEVEL = 0;
				GCC_PREPROCESSOR_DEFINITIONS = (
					"DEBUG=1",
					"$(inherited)",
				);
				GCC_WARN_64_TO_32_BIT_CONVERSION = YES;
				GCC_WARN_ABOUT_RETURN_TYPE = YES_ERROR;
				GCC_WARN_UNDECLARED_SELECTOR = YES;
				GCC_WARN_UNINITIALIZED_AUTOS = YES_AGGRESSIVE;
				GCC_WARN_UNUSED_FUNCTION = YES;
				GCC_WARN_UNUSED_VARIABLE = YES;
				IPHONEOS_DEPLOYMENT_TARGET = 16.4;
				MTL_ENABLE_DEBUG_INFO = INCLUDE_SOURCE;
				MTL_FAST_MATH = YES;
				ONLY_ACTIVE_ARCH = YES;
				SDKROOT = iphoneos;
				SWIFT_ACTIVE_COMPILATION_CONDITIONS = DEBUG;
				SWIFT_OPTIMIZATION_LEVEL = "-Onone";
			};
			name = Debug;
		};
		B8A3B3532ABA189C00FF6B87 /* Release */ = {
			isa = XCBuildConfiguration;
			buildSettings = {
				ALWAYS_SEARCH_USER_PATHS = NO;
				CLANG_ANALYZER_NONNULL = YES;
				CLANG_ANALYZER_NUMBER_OBJECT_CONVERSION = YES_AGGRESSIVE;
				CLANG_CXX_LANGUAGE_STANDARD = "gnu++20";
				CLANG_ENABLE_MODULES = YES;
				CLANG_ENABLE_OBJC_ARC = YES;
				CLANG_ENABLE_OBJC_WEAK = YES;
				CLANG_WARN_BLOCK_CAPTURE_AUTORELEASING = YES;
				CLANG_WARN_BOOL_CONVERSION = YES;
				CLANG_WARN_COMMA = YES;
				CLANG_WARN_CONSTANT_CONVERSION = YES;
				CLANG_WARN_DEPRECATED_OBJC_IMPLEMENTATIONS = YES;
				CLANG_WARN_DIRECT_OBJC_ISA_USAGE = YES_ERROR;
				CLANG_WARN_DOCUMENTATION_COMMENTS = YES;
				CLANG_WARN_EMPTY_BODY = YES;
				CLANG_WARN_ENUM_CONVERSION = YES;
				CLANG_WARN_INFINITE_RECURSION = YES;
				CLANG_WARN_INT_CONVERSION = YES;
				CLANG_WARN_NON_LITERAL_NULL_CONVERSION = YES;
				CLANG_WARN_OBJC_IMPLICIT_RETAIN_SELF = YES;
				CLANG_WARN_OBJC_LITERAL_CONVERSION = YES;
				CLANG_WARN_OBJC_ROOT_CLASS = YES_ERROR;
				CLANG_WARN_QUOTED_INCLUDE_IN_FRAMEWORK_HEADER = YES;
				CLANG_WARN_RANGE_LOOP_ANALYSIS = YES;
				CLANG_WARN_STRICT_PROTOTYPES = YES;
				CLANG_WARN_SUSPICIOUS_MOVE = YES;
				CLANG_WARN_UNGUARDED_AVAILABILITY = YES_AGGRESSIVE;
				CLANG_WARN_UNREACHABLE_CODE = YES;
				CLANG_WARN__DUPLICATE_METHOD_MATCH = YES;
				COPY_PHASE_STRIP = NO;
				DEBUG_INFORMATION_FORMAT = "dwarf-with-dsym";
				ENABLE_NS_ASSERTIONS = NO;
				ENABLE_STRICT_OBJC_MSGSEND = YES;
				GCC_C_LANGUAGE_STANDARD = gnu11;
				GCC_NO_COMMON_BLOCKS = YES;
				GCC_WARN_64_TO_32_BIT_CONVERSION = YES;
				GCC_WARN_ABOUT_RETURN_TYPE = YES_ERROR;
				GCC_WARN_UNDECLARED_SELECTOR = YES;
				GCC_WARN_UNINITIALIZED_AUTOS = YES_AGGRESSIVE;
				GCC_WARN_UNUSED_FUNCTION = YES;
				GCC_WARN_UNUSED_VARIABLE = YES;
				IPHONEOS_DEPLOYMENT_TARGET = 16.4;
				MTL_ENABLE_DEBUG_INFO = NO;
				MTL_FAST_MATH = YES;
				SDKROOT = iphoneos;
				SWIFT_COMPILATION_MODE = wholemodule;
				SWIFT_OPTIMIZATION_LEVEL = "-O";
				VALIDATE_PRODUCT = YES;
			};
			name = Release;
		};
		B8A3B3552ABA189C00FF6B87 /* Debug */ = {
			isa = XCBuildConfiguration;
			buildSettings = {
				ASSETCATALOG_COMPILER_APPICON_NAME = AppIcon;
				ASSETCATALOG_COMPILER_GLOBAL_ACCENT_COLOR_NAME = AccentColor;
				CODE_SIGN_ENTITLEMENTS = UIKitCodebase/UIKitCodebase.entitlements;
				"CODE_SIGN_IDENTITY[sdk=iphoneos*]" = "iPhone Developer";
				CODE_SIGN_STYLE = Manual;
				CURRENT_PROJECT_VERSION = 1;
				DEVELOPMENT_TEAM = "";
				"DEVELOPMENT_TEAM[sdk=iphoneos*]" = RCM87YWJ79;
				GENERATE_INFOPLIST_FILE = YES;
				INFOPLIST_FILE = UIKitCodebase/Info.plist;
				INFOPLIST_KEY_UIApplicationSupportsIndirectInputEvents = YES;
				INFOPLIST_KEY_UILaunchStoryboardName = LaunchScreen;
				INFOPLIST_KEY_UISupportedInterfaceOrientations_iPad = "UIInterfaceOrientationPortrait UIInterfaceOrientationPortraitUpsideDown UIInterfaceOrientationLandscapeLeft UIInterfaceOrientationLandscapeRight";
				INFOPLIST_KEY_UISupportedInterfaceOrientations_iPhone = "UIInterfaceOrientationPortrait UIInterfaceOrientationLandscapeLeft UIInterfaceOrientationLandscapeRight";
				LD_RUNPATH_SEARCH_PATHS = (
					"$(inherited)",
					"@executable_path/Frameworks",
				);
				MARKETING_VERSION = 1.0;
				PRODUCT_BUNDLE_IDENTIFIER = kybeen.UIKitCodebase;
				PRODUCT_NAME = "$(TARGET_NAME)";
				PROVISIONING_PROFILE_SPECIFIER = "";
				"PROVISIONING_PROFILE_SPECIFIER[sdk=iphoneos*]" = UIKitCodebase_Development;
				SWIFT_EMIT_LOC_STRINGS = YES;
				SWIFT_VERSION = 5.0;
				TARGETED_DEVICE_FAMILY = "1,2";
			};
			name = Debug;
		};
		B8A3B3562ABA189C00FF6B87 /* Release */ = {
			isa = XCBuildConfiguration;
			buildSettings = {
				ASSETCATALOG_COMPILER_APPICON_NAME = AppIcon;
				ASSETCATALOG_COMPILER_GLOBAL_ACCENT_COLOR_NAME = AccentColor;
				CODE_SIGN_ENTITLEMENTS = UIKitCodebase/UIKitCodebase.entitlements;
				"CODE_SIGN_IDENTITY[sdk=iphoneos*]" = "iPhone Developer";
				CODE_SIGN_STYLE = Manual;
				CURRENT_PROJECT_VERSION = 1;
				DEVELOPMENT_TEAM = "";
				"DEVELOPMENT_TEAM[sdk=iphoneos*]" = RCM87YWJ79;
				GENERATE_INFOPLIST_FILE = YES;
				INFOPLIST_FILE = UIKitCodebase/Info.plist;
				INFOPLIST_KEY_UIApplicationSupportsIndirectInputEvents = YES;
				INFOPLIST_KEY_UILaunchStoryboardName = LaunchScreen;
				INFOPLIST_KEY_UISupportedInterfaceOrientations_iPad = "UIInterfaceOrientationPortrait UIInterfaceOrientationPortraitUpsideDown UIInterfaceOrientationLandscapeLeft UIInterfaceOrientationLandscapeRight";
				INFOPLIST_KEY_UISupportedInterfaceOrientations_iPhone = "UIInterfaceOrientationPortrait UIInterfaceOrientationLandscapeLeft UIInterfaceOrientationLandscapeRight";
				LD_RUNPATH_SEARCH_PATHS = (
					"$(inherited)",
					"@executable_path/Frameworks",
				);
				MARKETING_VERSION = 1.0;
				PRODUCT_BUNDLE_IDENTIFIER = kybeen.UIKitCodebase;
				PRODUCT_NAME = "$(TARGET_NAME)";
				PROVISIONING_PROFILE_SPECIFIER = "";
				"PROVISIONING_PROFILE_SPECIFIER[sdk=iphoneos*]" = UIKitCodebase_Development;
				SWIFT_EMIT_LOC_STRINGS = YES;
				SWIFT_VERSION = 5.0;
				TARGETED_DEVICE_FAMILY = "1,2";
			};
			name = Release;
		};
/* End XCBuildConfiguration section */

/* Begin XCConfigurationList section */
		B8A3B33B2ABA189A00FF6B87 /* Build configuration list for PBXProject "UIKitCodebase" */ = {
			isa = XCConfigurationList;
			buildConfigurations = (
				B8A3B3522ABA189C00FF6B87 /* Debug */,
				B8A3B3532ABA189C00FF6B87 /* Release */,
			);
			defaultConfigurationIsVisible = 0;
			defaultConfigurationName = Release;
		};
		B8A3B3542ABA189C00FF6B87 /* Build configuration list for PBXNativeTarget "UIKitCodebase" */ = {
			isa = XCConfigurationList;
			buildConfigurations = (
				B8A3B3552ABA189C00FF6B87 /* Debug */,
				B8A3B3562ABA189C00FF6B87 /* Release */,
			);
			defaultConfigurationIsVisible = 0;
			defaultConfigurationName = Release;
		};
/* End XCConfigurationList section */

/* Begin XCRemoteSwiftPackageReference section */
		B8A20E322AC0636500F0CE91 /* XCRemoteSwiftPackageReference "firebase-ios-sdk" */ = {
			isa = XCRemoteSwiftPackageReference;
			repositoryURL = "https://github.com/firebase/firebase-ios-sdk.git";
			requirement = {
				kind = upToNextMajorVersion;
				minimumVersion = 10.0.0;
			};
		};
/* End XCRemoteSwiftPackageReference section */

/* Begin XCSwiftPackageProductDependency section */
		B8A20E332AC0636500F0CE91 /* FirebaseAnalytics */ = {
			isa = XCSwiftPackageProductDependency;
			package = B8A20E322AC0636500F0CE91 /* XCRemoteSwiftPackageReference "firebase-ios-sdk" */;
			productName = FirebaseAnalytics;
		};
		B8A20E352AC0636500F0CE91 /* FirebaseAuth */ = {
			isa = XCSwiftPackageProductDependency;
			package = B8A20E322AC0636500F0CE91 /* XCRemoteSwiftPackageReference "firebase-ios-sdk" */;
			productName = FirebaseAuth;
		};
/* End XCSwiftPackageProductDependency section */
	};
	rootObject = B8A3B3382ABA189A00FF6B87 /* Project object */;
}
